
Microsoft Visual Studio Solution File, Format Version 12.00
# Visual Studio Version 17
VisualStudioVersion = 17.1.32228.430
MinimumVisualStudioVersion = 10.0.40219.1
Project("{FAE04EC0-301F-11D3-BF4B-00C04F79EFBC}") = "EFConsoleApp", "EFConsoleApp\EFConsoleApp.csproj", "{4F33458B-457C-4B0B-868D-78AB76119FBC}"
EndProject
Global
	GlobalSection(SolutionConfigurationPlatforms) = preSolution
		Debug|Any CPU = Debug|Any CPU
		Release|Any CPU = Release|Any CPU
	EndGlobalSection
	GlobalSection(ProjectConfigurationPlatforms) = postSolution
		{4F33458B-457C-4B0B-868D-78AB76119FBC}.Debug|Any CPU.ActiveCfg = Debug|Any CPU
		{4F33458B-457C-4B0B-868D-78AB76119FBC}.Debug|Any CPU.Build.0 = Debug|Any CPU
		{4F33458B-457C-4B0B-868D-78AB76119FBC}.Release|Any CPU.ActiveCfg = Release|Any CPU
		{4F33458B-457C-4B0B-868D-78AB76119FBC}.Release|Any CPU.Build.0 = Release|Any CPU
	EndGlobalSection
	GlobalSection(SolutionProperties) = preSolution
		HideSolutionNode = FALSE
	EndGlobalSection
	GlobalSection(ExtensibilityGlobals) = postSolution
		SolutionGuid = {2ABBC6EC-1F4E-4269-89DF-A0E72BAB15D5}
	EndGlobalSection
EndGlobal
